
Microsoft Visual Studio Solution File, Format Version 12.00
# Visual Studio 15
VisualStudioVersion = 15.0.28010.2003
MinimumVisualStudioVersion = 10.0.40219.1
Project("{FAE04EC0-301F-11D3-BF4B-00C04F79EFBC}") = "UnitTests", "UnitTests\UnitTests.csproj", "{2CC38A28-87EC-4B55-8130-CE705CDB49E8}"
EndProject
Project("{FAE04EC0-301F-11D3-BF4B-00C04F79EFBC}") = "PowerCommandParser", "PowerCommandParser\PowerCommandParser.csproj", "{7EE2F5B5-ADE5-4D55-94DE-DC6AC3FB3526}"
EndProject
Global
	GlobalSection(SolutionConfigurationPlatforms) = preSolution
		Debug|Any CPU = Debug|Any CPU
		Release|Any CPU = Release|Any CPU
	EndGlobalSection
	GlobalSection(ProjectConfigurationPlatforms) = postSolution
		{2CC38A28-87EC-4B55-8130-CE705CDB49E8}.Debug|Any CPU.ActiveCfg = Debug|Any CPU
		{2CC38A28-87EC-4B55-8130-CE705CDB49E8}.Debug|Any CPU.Build.0 = Debug|Any CPU
		{2CC38A28-87EC-4B55-8130-CE705CDB49E8}.Release|Any CPU.ActiveCfg = Release|Any CPU
		{2CC38A28-87EC-4B55-8130-CE705CDB49E8}.Release|Any CPU.Build.0 = Release|Any CPU
		{7EE2F5B5-ADE5-4D55-94DE-DC6AC3FB3526}.Debug|Any CPU.ActiveCfg = Debug|Any CPU
		{7EE2F5B5-ADE5-4D55-94DE-DC6AC3FB3526}.Debug|Any CPU.Build.0 = Debug|Any CPU
		{7EE2F5B5-ADE5-4D55-94DE-DC6AC3FB3526}.Release|Any CPU.ActiveCfg = Release|Any CPU
		{7EE2F5B5-ADE5-4D55-94DE-DC6AC3FB3526}.Release|Any CPU.Build.0 = Release|Any CPU
	EndGlobalSection
	GlobalSection(SolutionProperties) = preSolution
		HideSolutionNode = FALSE
	EndGlobalSection
	GlobalSection(ExtensibilityGlobals) = postSolution
		SolutionGuid = {0F8ECD47-8DEF-4CB1-8E29-32E8AD5A7115}
	EndGlobalSection
EndGlobal
